
Microsoft Visual Studio Solution File, Format Version 12.00
# Visual Studio 2012
Project("{FAE04EC0-301F-11D3-BF4B-00C04F79EFBC}") = "ResourceProvidR", "ResourceProvidR\ResourceProvidR.csproj", "{A17FE1A5-5878-4223-9A21-9B46D3CCCFAC}"
EndProject
Global
	GlobalSection(SolutionConfigurationPlatforms) = preSolution
		Debug|Any CPU = Debug|Any CPU
		Release|Any CPU = Release|Any CPU
	EndGlobalSection
	GlobalSection(ProjectConfigurationPlatforms) = postSolution
		{A17FE1A5-5878-4223-9A21-9B46D3CCCFAC}.Debug|Any CPU.ActiveCfg = Debug|Any CPU
		{A17FE1A5-5878-4223-9A21-9B46D3CCCFAC}.Debug|Any CPU.Build.0 = Debug|Any CPU
		{A17FE1A5-5878-4223-9A21-9B46D3CCCFAC}.Release|Any CPU.ActiveCfg = Release|Any CPU
		{A17FE1A5-5878-4223-9A21-9B46D3CCCFAC}.Release|Any CPU.Build.0 = Release|Any CPU
	EndGlobalSection
	GlobalSection(SolutionProperties) = preSolution
		HideSolutionNode = FALSE
	EndGlobalSection
EndGlobal
